{
  "version": 4,
  "terraform_version": "1.3.7",
  "serial": 81,
  "lineage": "13d0ef26-ee15-8d04-8ec2-daf1188258a8",
  "outputs": {
    "IAM": {
      "value": "eish",
      "type": "string"
    }
  },
  "resources": [
    {
      "mode": "managed",
      "type": "aws_iam_user",
      "name": "sham",
      "provider": "provider[\"registry.terraform.io/hashicorp/aws\"]",
      "instances": [
        {
          "schema_version": 0,
          "attributes": {
            "arn": "arn:aws:iam::630266779158:user/eish",
            "force_destroy": false,
            "id": "eish",
            "name": "eish",
            "path": "/",
            "permissions_boundary": null,
            "tags": {
              "tag-key": "new-tag"
            },
            "tags_all": {
              "tag-key": "new-tag"
            },
            "unique_id": "AIDAZFPWT2YLMATQ6BIOS"
          },
          "sensitive_attributes": [],
          "private": "bnVsbA=="
        }
      ]
    }
  ],
  "check_results": null
}
